// !$*UTF8*$!
{
	archiveVersion = 1;
	classes = {
	};
	objectVersion = 56;
	objects = {

/* Begin PBXBuildFile section */
		02798CEB2AF0341800AC6394 /* MainAppApp.swift in Sources */ = {isa = PBXBuildFile; fileRef = 02798CEA2AF0341800AC6394 /* MainAppApp.swift */; };
		02798CEF2AF0341A00AC6394 /* Assets.xcassets in Resources */ = {isa = PBXBuildFile; fileRef = 02798CEE2AF0341A00AC6394 /* Assets.xcassets */; };
		02798CF22AF0341A00AC6394 /* Preview Assets.xcassets in Resources */ = {isa = PBXBuildFile; fileRef = 02798CF12AF0341A00AC6394 /* Preview Assets.xcassets */; };
		02798D062AF0341A00AC6394 /* MainAppUITests.swift in Sources */ = {isa = PBXBuildFile; fileRef = 02798D052AF0341A00AC6394 /* MainAppUITests.swift */; };
		02798D082AF0341A00AC6394 /* MainAppUITestsLaunchTests.swift in Sources */ = {isa = PBXBuildFile; fileRef = 02798D072AF0341A00AC6394 /* MainAppUITestsLaunchTests.swift */; };
		04F6DBB22AF2D6F30020ABEC /* libMyIpAddressLibrary.a in Frameworks */ = {isa = PBXBuildFile; fileRef = 04F6DB902AF2D5FB0020ABEC /* libMyIpAddressLibrary.a */; };
/* End PBXBuildFile section */

/* Begin PBXContainerItemProxy section */
		02798CF82AF0341A00AC6394 /* PBXContainerItemProxy */ = {
			isa = PBXContainerItemProxy;
			containerPortal = 02798CDF2AF0341800AC6394 /* Project object */;
			proxyType = 1;
			remoteGlobalIDString = 02798CE62AF0341800AC6394;
			remoteInfo = MainApp;
		};
		02798D022AF0341A00AC6394 /* PBXContainerItemProxy */ = {
			isa = PBXContainerItemProxy;
			containerPortal = 02798CDF2AF0341800AC6394 /* Project object */;
			proxyType = 1;
			remoteGlobalIDString = 02798CE62AF0341800AC6394;
			remoteInfo = MainApp;
		};
		04F6DB8F2AF2D5FB0020ABEC /* PBXContainerItemProxy */ = {
			isa = PBXContainerItemProxy;
			containerPortal = 04F6DB8B2AF2D5FA0020ABEC /* MyIpAddressLibrary.xcodeproj */;
			proxyType = 2;
			remoteGlobalIDString = 04F6DB812AF2D5FA0020ABEC;
			remoteInfo = MyIpAddressLibrary;
		};
/* End PBXContainerItemProxy section */

/* Begin PBXFileReference section */
		02798CE72AF0341800AC6394 /* MainApp.app */ = {isa = PBXFileReference; explicitFileType = wrapper.application; includeInIndex = 0; path = MainApp.app; sourceTree = BUILT_PRODUCTS_DIR; };
		02798CEA2AF0341800AC6394 /* MainAppApp.swift */ = {isa = PBXFileReference; lastKnownFileType = sourcecode.swift; path = MainAppApp.swift; sourceTree = "<group>"; };
		02798CEE2AF0341A00AC6394 /* Assets.xcassets */ = {isa = PBXFileReference; lastKnownFileType = folder.assetcatalog; path = Assets.xcassets; sourceTree = "<group>"; };
		02798CF12AF0341A00AC6394 /* Preview Assets.xcassets */ = {isa = PBXFileReference; lastKnownFileType = folder.assetcatalog; path = "Preview Assets.xcassets"; sourceTree = "<group>"; };
		02798CF72AF0341A00AC6394 /* MainAppTests.xctest */ = {isa = PBXFileReference; explicitFileType = wrapper.cfbundle; includeInIndex = 0; path = MainAppTests.xctest; sourceTree = BUILT_PRODUCTS_DIR; };
		02798D012AF0341A00AC6394 /* MainAppUITests.xctest */ = {isa = PBXFileReference; explicitFileType = wrapper.cfbundle; includeInIndex = 0; path = MainAppUITests.xctest; sourceTree = BUILT_PRODUCTS_DIR; };
		02798D052AF0341A00AC6394 /* MainAppUITests.swift */ = {isa = PBXFileReference; lastKnownFileType = sourcecode.swift; path = MainAppUITests.swift; sourceTree = "<group>"; };
		02798D072AF0341A00AC6394 /* MainAppUITestsLaunchTests.swift */ = {isa = PBXFileReference; lastKnownFileType = sourcecode.swift; path = MainAppUITestsLaunchTests.swift; sourceTree = "<group>"; };
		04F6DB8B2AF2D5FA0020ABEC /* MyIpAddressLibrary.xcodeproj */ = {isa = PBXFileReference; lastKnownFileType = "wrapper.pb-project"; name = MyIpAddressLibrary.xcodeproj; path = MyIpAddressLibrary/MyIpAddressLibrary.xcodeproj; sourceTree = "<group>"; };
/* End PBXFileReference section */

/* Begin PBXFrameworksBuildPhase section */
		02798CE42AF0341800AC6394 /* Frameworks */ = {
			isa = PBXFrameworksBuildPhase;
			buildActionMask = 2147483647;
			files = (
				04F6DBB22AF2D6F30020ABEC /* libMyIpAddressLibrary.a in Frameworks */,
			);
			runOnlyForDeploymentPostprocessing = 0;
		};
		02798CF42AF0341A00AC6394 /* Frameworks */ = {
			isa = PBXFrameworksBuildPhase;
			buildActionMask = 2147483647;
			files = (
			);
			runOnlyForDeploymentPostprocessing = 0;
		};
		02798CFE2AF0341A00AC6394 /* Frameworks */ = {
			isa = PBXFrameworksBuildPhase;
			buildActionMask = 2147483647;
			files = (
			);
			runOnlyForDeploymentPostprocessing = 0;
		};
/* End PBXFrameworksBuildPhase section */

/* Begin PBXGroup section */
		02798CDE2AF0341800AC6394 = {
			isa = PBXGroup;
			children = (
				04F6DB8B2AF2D5FA0020ABEC /* MyIpAddressLibrary.xcodeproj */,
				02798CE92AF0341800AC6394 /* MainApp */,
				02798CFA2AF0341A00AC6394 /* MainAppTests */,
				02798D042AF0341A00AC6394 /* MainAppUITests */,
				02798CE82AF0341800AC6394 /* Products */,
				04F6DBB12AF2D6F30020ABEC /* Frameworks */,
			);
			sourceTree = "<group>";
		};
		02798CE82AF0341800AC6394 /* Products */ = {
			isa = PBXGroup;
			children = (
				02798CE72AF0341800AC6394 /* MainApp.app */,
				02798CF72AF0341A00AC6394 /* MainAppTests.xctest */,
				02798D012AF0341A00AC6394 /* MainAppUITests.xctest */,
			);
			name = Products;
			sourceTree = "<group>";
		};
		02798CE92AF0341800AC6394 /* MainApp */ = {
			isa = PBXGroup;
			children = (
				02798CEA2AF0341800AC6394 /* MainAppApp.swift */,
				02798CEE2AF0341A00AC6394 /* Assets.xcassets */,
				02798CF02AF0341A00AC6394 /* Preview Content */,
			);
			path = MainApp;
			sourceTree = "<group>";
		};
		02798CF02AF0341A00AC6394 /* Preview Content */ = {
			isa = PBXGroup;
			children = (
				02798CF12AF0341A00AC6394 /* Preview Assets.xcassets */,
			);
			path = "Preview Content";
			sourceTree = "<group>";
		};
		02798CFA2AF0341A00AC6394 /* MainAppTests */ = {
			isa = PBXGroup;
			children = (
			);
			path = MainAppTests;
			sourceTree = "<group>";
		};
		02798D042AF0341A00AC6394 /* MainAppUITests */ = {
			isa = PBXGroup;
			children = (
				02798D052AF0341A00AC6394 /* MainAppUITests.swift */,
				02798D072AF0341A00AC6394 /* MainAppUITestsLaunchTests.swift */,
			);
			path = MainAppUITests;
			sourceTree = "<group>";
		};
		04F6DB8C2AF2D5FA0020ABEC /* Products */ = {
			isa = PBXGroup;
			children = (
				04F6DB902AF2D5FB0020ABEC /* libMyIpAddressLibrary.a */,
			);
			name = Products;
			sourceTree = "<group>";
		};
		04F6DBB12AF2D6F30020ABEC /* Frameworks */ = {
			isa = PBXGroup;
			children = (
			);
			name = Frameworks;
			sourceTree = "<group>";
		};
/* End PBXGroup section */

/* Begin PBXNativeTarget section */
		02798CE62AF0341800AC6394 /* MainApp */ = {
			isa = PBXNativeTarget;
			buildConfigurationList = 02798D0B2AF0341A00AC6394 /* Build configuration list for PBXNativeTarget "MainApp" */;
			buildPhases = (
				02798CE32AF0341800AC6394 /* Sources */,
				02798CE42AF0341800AC6394 /* Frameworks */,
				02798CE52AF0341800AC6394 /* Resources */,
			);
			buildRules = (
			);
			dependencies = (
			);
			name = MainApp;
			productName = MainApp;
			productReference = 02798CE72AF0341800AC6394 /* MainApp.app */;
			productType = "com.apple.product-type.application";
		};
		02798CF62AF0341A00AC6394 /* MainAppTests */ = {
			isa = PBXNativeTarget;
			buildConfigurationList = 02798D0E2AF0341A00AC6394 /* Build configuration list for PBXNativeTarget "MainAppTests" */;
			buildPhases = (
				02798CF32AF0341A00AC6394 /* Sources */,
				02798CF42AF0341A00AC6394 /* Frameworks */,
				02798CF52AF0341A00AC6394 /* Resources */,
			);
			buildRules = (
			);
			dependencies = (
				02798CF92AF0341A00AC6394 /* PBXTargetDependency */,
			);
			name = MainAppTests;
			productName = MainAppTests;
			productReference = 02798CF72AF0341A00AC6394 /* MainAppTests.xctest */;
			productType = "com.apple.product-type.bundle.unit-test";
		};
		02798D002AF0341A00AC6394 /* MainAppUITests */ = {
			isa = PBXNativeTarget;
			buildConfigurationList = 02798D112AF0341A00AC6394 /* Build configuration list for PBXNativeTarget "MainAppUITests" */;
			buildPhases = (
				02798CFD2AF0341A00AC6394 /* Sources */,
				02798CFE2AF0341A00AC6394 /* Frameworks */,
				02798CFF2AF0341A00AC6394 /* Resources */,
			);
			buildRules = (
			);
			dependencies = (
				02798D032AF0341A00AC6394 /* PBXTargetDependency */,
			);
			name = MainAppUITests;
			productName = MainAppUITests;
			productReference = 02798D012AF0341A00AC6394 /* MainAppUITests.xctest */;
			productType = "com.apple.product-type.bundle.ui-testing";
		};
/* End PBXNativeTarget section */

/* Begin PBXProject section */
		02798CDF2AF0341800AC6394 /* Project object */ = {
			isa = PBXProject;
			attributes = {
				BuildIndependentTargetsInParallel = 1;
				LastSwiftUpdateCheck = 1500;
				LastUpgradeCheck = 1500;
				TargetAttributes = {
					02798CE62AF0341800AC6394 = {
						CreatedOnToolsVersion = 15.0;
					};
					02798CF62AF0341A00AC6394 = {
						CreatedOnToolsVersion = 15.0;
						TestTargetID = 02798CE62AF0341800AC6394;
					};
					02798D002AF0341A00AC6394 = {
						CreatedOnToolsVersion = 15.0;
						TestTargetID = 02798CE62AF0341800AC6394;
					};
				};
			};
			buildConfigurationList = 02798CE22AF0341800AC6394 /* Build configuration list for PBXProject "MainApp" */;
			compatibilityVersion = "Xcode 14.0";
			developmentRegion = en;
			hasScannedForEncodings = 0;
			knownRegions = (
				en,
				Base,
			);
			mainGroup = 02798CDE2AF0341800AC6394;
			productRefGroup = 02798CE82AF0341800AC6394 /* Products */;
			projectDirPath = "";
			projectReferences = (
				{
					ProductGroup = 04F6DB8C2AF2D5FA0020ABEC /* Products */;
					ProjectRef = 04F6DB8B2AF2D5FA0020ABEC /* MyIpAddressLibrary.xcodeproj */;
				},
			);
			projectRoot = "";
			targets = (
				02798CE62AF0341800AC6394 /* MainApp */,
				02798CF62AF0341A00AC6394 /* MainAppTests */,
				02798D002AF0341A00AC6394 /* MainAppUITests */,
			);
		};
/* End PBXProject section */

/* Begin PBXReferenceProxy section */
		04F6DB902AF2D5FB0020ABEC /* libMyIpAddressLibrary.a */ = {
			isa = PBXReferenceProxy;
			fileType = archive.ar;
			path = libMyIpAddressLibrary.a;
			remoteRef = 04F6DB8F2AF2D5FB0020ABEC /* PBXContainerItemProxy */;
			sourceTree = BUILT_PRODUCTS_DIR;
		};
/* End PBXReferenceProxy section */

/* Begin PBXResourcesBuildPhase section */
		02798CE52AF0341800AC6394 /* Resources */ = {
			isa = PBXResourcesBuildPhase;
			buildActionMask = 2147483647;
			files = (
				02798CF22AF0341A00AC6394 /* Preview Assets.xcassets in Resources */,
				02798CEF2AF0341A00AC6394 /* Assets.xcassets in Resources */,
			);
			runOnlyForDeploymentPostprocessing = 0;
		};
		02798CF52AF0341A00AC6394 /* Resources */ = {
			isa = PBXResourcesBuildPhase;
			buildActionMask = 2147483647;
			files = (
			);
			runOnlyForDeploymentPostprocessing = 0;
		};
		02798CFF2AF0341A00AC6394 /* Resources */ = {
			isa = PBXResourcesBuildPhase;
			buildActionMask = 2147483647;
			files = (
			);
			runOnlyForDeploymentPostprocessing = 0;
		};
/* End PBXResourcesBuildPhase section */

/* Begin PBXSourcesBuildPhase section */
		02798CE32AF0341800AC6394 /* Sources */ = {
			isa = PBXSourcesBuildPhase;
			buildActionMask = 2147483647;
			files = (
				02798CEB2AF0341800AC6394 /* MainAppApp.swift in Sources */,
			);
			runOnlyForDeploymentPostprocessing = 0;
		};
		02798CF32AF0341A00AC6394 /* Sources */ = {
			isa = PBXSourcesBuildPhase;
			buildActionMask = 2147483647;
			files = (
			);
			runOnlyForDeploymentPostprocessing = 0;
		};
		02798CFD2AF0341A00AC6394 /* Sources */ = {
			isa = PBXSourcesBuildPhase;
			buildActionMask = 2147483647;
			files = (
				02798D062AF0341A00AC6394 /* MainAppUITests.swift in Sources */,
				02798D082AF0341A00AC6394 /* MainAppUITestsLaunchTests.swift in Sources */,
			);
			runOnlyForDeploymentPostprocessing = 0;
		};
/* End PBXSourcesBuildPhase section */

/* Begin PBXTargetDependency section */
		02798CF92AF0341A00AC6394 /* PBXTargetDependency */ = {
			isa = PBXTargetDependency;
			target = 02798CE62AF0341800AC6394 /* MainApp */;
			targetProxy = 02798CF82AF0341A00AC6394 /* PBXContainerItemProxy */;
		};
		02798D032AF0341A00AC6394 /* PBXTargetDependency */ = {
			isa = PBXTargetDependency;
			target = 02798CE62AF0341800AC6394 /* MainApp */;
			targetProxy = 02798D022AF0341A00AC6394 /* PBXContainerItemProxy */;
		};
/* End PBXTargetDependency section */

/* Begin XCBuildConfiguration section */
		02798D092AF0341A00AC6394 /* Debug */ = {
			isa = XCBuildConfiguration;
			buildSettings = {
				ALWAYS_SEARCH_USER_PATHS = NO;
				ASSETCATALOG_COMPILER_GENERATE_SWIFT_ASSET_SYMBOL_EXTENSIONS = YES;
				CLANG_ANALYZER_NONNULL = YES;
				CLANG_ANALYZER_NUMBER_OBJECT_CONVERSION = YES_AGGRESSIVE;
				CLANG_CXX_LANGUAGE_STANDARD = "gnu++20";
				CLANG_ENABLE_MODULES = YES;
				CLANG_ENABLE_OBJC_ARC = YES;
				CLANG_ENABLE_OBJC_WEAK = YES;
				CLANG_WARN_BLOCK_CAPTURE_AUTORELEASING = YES;
				CLANG_WARN_BOOL_CONVERSION = YES;
				CLANG_WARN_COMMA = YES;
				CLANG_WARN_CONSTANT_CONVERSION = YES;
				CLANG_WARN_DEPRECATED_OBJC_IMPLEMENTATIONS = YES;
				CLANG_WARN_DIRECT_OBJC_ISA_USAGE = YES_ERROR;
				CLANG_WARN_DOCUMENTATION_COMMENTS = YES;
				CLANG_WARN_EMPTY_BODY = YES;
				CLANG_WARN_ENUM_CONVERSION = YES;
				CLANG_WARN_INFINITE_RECURSION = YES;
				CLANG_WARN_INT_CONVERSION = YES;
				CLANG_WARN_NON_LITERAL_NULL_CONVERSION = YES;
				CLANG_WARN_OBJC_IMPLICIT_RETAIN_SELF = YES;
				CLANG_WARN_OBJC_LITERAL_CONVERSION = YES;
				CLANG_WARN_OBJC_ROOT_CLASS = YES_ERROR;
				CLANG_WARN_QUOTED_INCLUDE_IN_FRAMEWORK_HEADER = YES;
				CLANG_WARN_RANGE_LOOP_ANALYSIS = YES;
				CLANG_WARN_STRICT_PROTOTYPES = YES;
				CLANG_WARN_SUSPICIOUS_MOVE = YES;
				CLANG_WARN_UNGUARDED_AVAILABILITY = YES_AGGRESSIVE;
				CLANG_WARN_UNREACHABLE_CODE = YES;
				CLANG_WARN__DUPLICATE_METHOD_MATCH = YES;
				COPY_PHASE_STRIP = NO;
				DEBUG_INFORMATION_FORMAT = dwarf;
				ENABLE_STRICT_OBJC_MSGSEND = YES;
				ENABLE_TESTABILITY = YES;
				ENABLE_USER_SCRIPT_SANDBOXING = YES;
				GCC_C_LANGUAGE_STANDARD = gnu17;
				GCC_DYNAMIC_NO_PIC = NO;
				GCC_NO_COMMON_BLOCKS = YES;
				GCC_OPTIMIZATION_LEVEL = 0;
				GCC_PREPROCESSOR_DEFINITIONS = (
					"DEBUG=1",
					"$(inherited)",
				);
				GCC_WARN_64_TO_32_BIT_CONVERSION = YES;
				GCC_WARN_ABOUT_RETURN_TYPE = YES_ERROR;
				GCC_WARN_UNDECLARED_SELECTOR = YES;
				GCC_WARN_UNINITIALIZED_AUTOS = YES_AGGRESSIVE;
				GCC_WARN_UNUSED_FUNCTION = YES;
				GCC_WARN_UNUSED_VARIABLE = YES;
				IPHONEOS_DEPLOYMENT_TARGET = 17.0;
				LOCALIZATION_PREFERS_STRING_CATALOGS = YES;
				MTL_ENABLE_DEBUG_INFO = INCLUDE_SOURCE;
				MTL_FAST_MATH = YES;
				ONLY_ACTIVE_ARCH = YES;
				SDKROOT = iphoneos;
				SWIFT_ACTIVE_COMPILATION_CONDITIONS = "DEBUG $(inherited)";
				SWIFT_OPTIMIZATION_LEVEL = "-Onone";
			};
			name = Debug;
		};
		02798D0A2AF0341A00AC6394 /* Release */ = {
			isa = XCBuildConfiguration;
			buildSettings = {
				ALWAYS_SEARCH_USER_PATHS = NO;
				ASSETCATALOG_COMPILER_GENERATE_SWIFT_ASSET_SYMBOL_EXTENSIONS = YES;
				CLANG_ANALYZER_NONNULL = YES;
				CLANG_ANALYZER_NUMBER_OBJECT_CONVERSION = YES_AGGRESSIVE;
				CLANG_CXX_LANGUAGE_STANDARD = "gnu++20";
				CLANG_ENABLE_MODULES = YES;
				CLANG_ENABLE_OBJC_ARC = YES;
				CLANG_ENABLE_OBJC_WEAK = YES;
				CLANG_WARN_BLOCK_CAPTURE_AUTORELEASING = YES;
				CLANG_WARN_BOOL_CONVERSION = YES;
				CLANG_WARN_COMMA = YES;
				CLANG_WARN_CONSTANT_CONVERSION = YES;
				CLANG_WARN_DEPRECATED_OBJC_IMPLEMENTATIONS = YES;
				CLANG_WARN_DIRECT_OBJC_ISA_USAGE = YES_ERROR;
				CLANG_WARN_DOCUMENTATION_COMMENTS = YES;
				CLANG_WARN_EMPTY_BODY = YES;
				CLANG_WARN_ENUM_CONVERSION = YES;
				CLANG_WARN_INFINITE_RECURSION = YES;
				CLANG_WARN_INT_CONVERSION = YES;
				CLANG_WARN_NON_LITERAL_NULL_CONVERSION = YES;
				CLANG_WARN_OBJC_IMPLICIT_RETAIN_SELF = YES;
				CLANG_WARN_OBJC_LITERAL_CONVERSION = YES;
				CLANG_WARN_OBJC_ROOT_CLASS = YES_ERROR;
				CLANG_WARN_QUOTED_INCLUDE_IN_FRAMEWORK_HEADER = YES;
				CLANG_WARN_RANGE_LOOP_ANALYSIS = YES;
				CLANG_WARN_STRICT_PROTOTYPES = YES;
				CLANG_WARN_SUSPICIOUS_MOVE = YES;
				CLANG_WARN_UNGUARDED_AVAILABILITY = YES_AGGRESSIVE;
				CLANG_WARN_UNREACHABLE_CODE = YES;
				CLANG_WARN__DUPLICATE_METHOD_MATCH = YES;
				COPY_PHASE_STRIP = NO;
				DEBUG_INFORMATION_FORMAT = "dwarf-with-dsym";
				ENABLE_NS_ASSERTIONS = NO;
				ENABLE_STRICT_OBJC_MSGSEND = YES;
				ENABLE_USER_SCRIPT_SANDBOXING = YES;
				GCC_C_LANGUAGE_STANDARD = gnu17;
				GCC_NO_COMMON_BLOCKS = YES;
				GCC_WARN_64_TO_32_BIT_CONVERSION = YES;
				GCC_WARN_ABOUT_RETURN_TYPE = YES_ERROR;
				GCC_WARN_UNDECLARED_SELECTOR = YES;
				GCC_WARN_UNINITIALIZED_AUTOS = YES_AGGRESSIVE;
				GCC_WARN_UNUSED_FUNCTION = YES;
				GCC_WARN_UNUSED_VARIABLE = YES;
				IPHONEOS_DEPLOYMENT_TARGET = 17.0;
				LOCALIZATION_PREFERS_STRING_CATALOGS = YES;
				MTL_ENABLE_DEBUG_INFO = NO;
				MTL_FAST_MATH = YES;
				SDKROOT = iphoneos;
				SWIFT_COMPILATION_MODE = wholemodule;
				VALIDATE_PRODUCT = YES;
			};
			name = Release;
		};
		02798D0C2AF0341A00AC6394 /* Debug */ = {
			isa = XCBuildConfiguration;
			buildSettings = {
				ASSETCATALOG_COMPILER_APPICON_NAME = AppIcon;
				ASSETCATALOG_COMPILER_GLOBAL_ACCENT_COLOR_NAME = AccentColor;
				CODE_SIGN_STYLE = Automatic;
				CURRENT_PROJECT_VERSION = 1;
				DEVELOPMENT_ASSET_PATHS = "\"MainApp/Preview Content\"";
				ENABLE_PREVIEWS = YES;
				GENERATE_INFOPLIST_FILE = YES;
				INFOPLIST_KEY_UIApplicationSceneManifest_Generation = YES;
				INFOPLIST_KEY_UIApplicationSupportsIndirectInputEvents = YES;
				INFOPLIST_KEY_UILaunchScreen_Generation = YES;
				INFOPLIST_KEY_UISupportedInterfaceOrientations_iPad = "UIInterfaceOrientationPortrait UIInterfaceOrientationPortraitUpsideDown UIInterfaceOrientationLandscapeLeft UIInterfaceOrientationLandscapeRight";
				INFOPLIST_KEY_UISupportedInterfaceOrientations_iPhone = "UIInterfaceOrientationPortrait UIInterfaceOrientationLandscapeLeft UIInterfaceOrientationLandscapeRight";
				LD_RUNPATH_SEARCH_PATHS = (
					"$(inherited)",
					"@executable_path/Frameworks",
				);
				MARKETING_VERSION = 1.0;
				PRODUCT_BUNDLE_IDENTIFIER = com.mac.matthew.MainApp;
				PRODUCT_NAME = "$(TARGET_NAME)";
				SWIFT_EMIT_LOC_STRINGS = YES;
				SWIFT_VERSION = 5.0;
				TARGETED_DEVICE_FAMILY = "1,2";
			};
			name = Debug;
		};
		02798D0D2AF0341A00AC6394 /* Release */ = {
			isa = XCBuildConfiguration;
			buildSettings = {
				ASSETCATALOG_COMPILER_APPICON_NAME = AppIcon;
				ASSETCATALOG_COMPILER_GLOBAL_ACCENT_COLOR_NAME = AccentColor;
				CODE_SIGN_STYLE = Automatic;
				CURRENT_PROJECT_VERSION = 1;
				DEVELOPMENT_ASSET_PATHS = "\"MainApp/Preview Content\"";
				ENABLE_PREVIEWS = YES;
				GENERATE_INFOPLIST_FILE = YES;
				INFOPLIST_KEY_UIApplicationSceneManifest_Generation = YES;
				INFOPLIST_KEY_UIApplicationSupportsIndirectInputEvents = YES;
				INFOPLIST_KEY_UILaunchScreen_Generation = YES;
				INFOPLIST_KEY_UISupportedInterfaceOrientations_iPad = "UIInterfaceOrientationPortrait UIInterfaceOrientationPortraitUpsideDown UIInterfaceOrientationLandscapeLeft UIInterfaceOrientationLandscapeRight";
				INFOPLIST_KEY_UISupportedInterfaceOrientations_iPhone = "UIInterfaceOrientationPortrait UIInterfaceOrientationLandscapeLeft UIInterfaceOrientationLandscapeRight";
				LD_RUNPATH_SEARCH_PATHS = (
					"$(inherited)",
					"@executable_path/Frameworks",
				);
				MARKETING_VERSION = 1.0;
				PRODUCT_BUNDLE_IDENTIFIER = com.mac.matthew.MainApp;
				PRODUCT_NAME = "$(TARGET_NAME)";
				SWIFT_EMIT_LOC_STRINGS = YES;
				SWIFT_VERSION = 5.0;
				TARGETED_DEVICE_FAMILY = "1,2";
			};
			name = Release;
		};
		02798D0F2AF0341A00AC6394 /* Debug */ = {
			isa = XCBuildConfiguration;
			buildSettings = {
				ALWAYS_EMBED_SWIFT_STANDARD_LIBRARIES = YES;
				BUNDLE_LOADER = "$(TEST_HOST)";
				CODE_SIGN_STYLE = Automatic;
				CURRENT_PROJECT_VERSION = 1;
				GENERATE_INFOPLIST_FILE = YES;
				IPHONEOS_DEPLOYMENT_TARGET = 17.0;
				MARKETING_VERSION = 1.0;
				PRODUCT_BUNDLE_IDENTIFIER = com.mac.matthew.MainAppTests;
				PRODUCT_NAME = "$(TARGET_NAME)";
				SWIFT_EMIT_LOC_STRINGS = NO;
				SWIFT_VERSION = 5.0;
				TARGETED_DEVICE_FAMILY = "1,2";
				TEST_HOST = "$(BUILT_PRODUCTS_DIR)/MainApp.app/$(BUNDLE_EXECUTABLE_FOLDER_PATH)/MainApp";
			};
			name = Debug;
		};
		02798D102AF0341A00AC6394 /* Release */ = {
			isa = XCBuildConfiguration;
			buildSettings = {
				ALWAYS_EMBED_SWIFT_STANDARD_LIBRARIES = YES;
				BUNDLE_LOADER = "$(TEST_HOST)";
				CODE_SIGN_STYLE = Automatic;
				CURRENT_PROJECT_VERSION = 1;
				GENERATE_INFOPLIST_FILE = YES;
				IPHONEOS_DEPLOYMENT_TARGET = 17.0;
				MARKETING_VERSION = 1.0;
				PRODUCT_BUNDLE_IDENTIFIER = com.mac.matthew.MainAppTests;
				PRODUCT_NAME = "$(TARGET_NAME)";
				SWIFT_EMIT_LOC_STRINGS = NO;
				SWIFT_VERSION = 5.0;
				TARGETED_DEVICE_FAMILY = "1,2";
				TEST_HOST = "$(BUILT_PRODUCTS_DIR)/MainApp.app/$(BUNDLE_EXECUTABLE_FOLDER_PATH)/MainApp";
			};
			name = Release;
		};
		02798D122AF0341A00AC6394 /* Debug */ = {
			isa = XCBuildConfiguration;
			buildSettings = {
				ALWAYS_EMBED_SWIFT_STANDARD_LIBRARIES = YES;
				CODE_SIGN_STYLE = Automatic;
				CURRENT_PROJECT_VERSION = 1;
				GENERATE_INFOPLIST_FILE = YES;
				MARKETING_VERSION = 1.0;
				PRODUCT_BUNDLE_IDENTIFIER = com.mac.matthew.MainAppUITests;
				PRODUCT_NAME = "$(TARGET_NAME)";
				SWIFT_EMIT_LOC_STRINGS = NO;
				SWIFT_VERSION = 5.0;
				TARGETED_DEVICE_FAMILY = "1,2";
				TEST_TARGET_NAME = MainApp;
			};
			name = Debug;
		};
		02798D132AF0341A00AC6394 /* Release */ = {
			isa = XCBuildConfiguration;
			buildSettings = {
				ALWAYS_EMBED_SWIFT_STANDARD_LIBRARIES = YES;
				CODE_SIGN_STYLE = Automatic;
				CURRENT_PROJECT_VERSION = 1;
				GENERATE_INFOPLIST_FILE = YES;
				MARKETING_VERSION = 1.0;
				PRODUCT_BUNDLE_IDENTIFIER = com.mac.matthew.MainAppUITests;
				PRODUCT_NAME = "$(TARGET_NAME)";
				SWIFT_EMIT_LOC_STRINGS = NO;
				SWIFT_VERSION = 5.0;
				TARGETED_DEVICE_FAMILY = "1,2";
				TEST_TARGET_NAME = MainApp;
			};
			name = Release;
		};
/* End XCBuildConfiguration section */

/* Begin XCConfigurationList section */
		02798CE22AF0341800AC6394 /* Build configuration list for PBXProject "MainApp" */ = {
			isa = XCConfigurationList;
			buildConfigurations = (
				02798D092AF0341A00AC6394 /* Debug */,
				02798D0A2AF0341A00AC6394 /* Release */,
			);
			defaultConfigurationIsVisible = 0;
			defaultConfigurationName = Release;
		};
		02798D0B2AF0341A00AC6394 /* Build configuration list for PBXNativeTarget "MainApp" */ = {
			isa = XCConfigurationList;
			buildConfigurations = (
				02798D0C2AF0341A00AC6394 /* Debug */,
				02798D0D2AF0341A00AC6394 /* Release */,
			);
			defaultConfigurationIsVisible = 0;
			defaultConfigurationName = Release;
		};
		02798D0E2AF0341A00AC6394 /* Build configuration list for PBXNativeTarget "MainAppTests" */ = {
			isa = XCConfigurationList;
			buildConfigurations = (
				02798D0F2AF0341A00AC6394 /* Debug */,
				02798D102AF0341A00AC6394 /* Release */,
			);
			defaultConfigurationIsVisible = 0;
			defaultConfigurationName = Release;
		};
		02798D112AF0341A00AC6394 /* Build configuration list for PBXNativeTarget "MainAppUITests" */ = {
			isa = XCConfigurationList;
			buildConfigurations = (
				02798D122AF0341A00AC6394 /* Debug */,
				02798D132AF0341A00AC6394 /* Release */,
			);
			defaultConfigurationIsVisible = 0;
			defaultConfigurationName = Release;
		};
/* End XCConfigurationList section */
	};
	rootObject = 02798CDF2AF0341800AC6394 /* Project object */;
}
